
Microsoft Visual Studio Solution File, Format Version 12.00
# Visual Studio Version 16
VisualStudioVersion = 16.0.31025.218
MinimumVisualStudioVersion = 10.0.40219.1
Project("{2150E333-8FDC-42A3-9474-1A3956D46DE8}") = "Solution Items", "Solution Items", "{311B4945-BDC9-4139-BE07-4606DC2AB90D}"
	ProjectSection(SolutionItems) = preProject
		.editorconfig = .editorconfig
	EndProjectSection
EndProject
Project("{2150E333-8FDC-42A3-9474-1A3956D46DE8}") = "src", "src", "{E023FD2C-5358-4E95-9D94-CCC4F092B005}"
EndProject
Project("{9A19103F-16F7-4668-BE54-9A1E7A4F7556}") = "Orchid.Lang", "src\Orchid.Lang\Orchid.Lang.csproj", "{211EDD3A-3307-49D7-9E69-D8FB8C6AC4D7}"
EndProject
Project("{2150E333-8FDC-42A3-9474-1A3956D46DE8}") = "tests", "tests", "{D38DC836-ED7F-4389-9906-D7536AD57075}"
EndProject
Project("{FAE04EC0-301F-11D3-BF4B-00C04F79EFBC}") = "Orchid.Lang.Tests", "tests\Orchid.Lang.Tests\Orchid.Lang.Tests.csproj", "{3A612711-1A9E-477E-A418-5C71510C06FF}"
EndProject
Project("{FAE04EC0-301F-11D3-BF4B-00C04F79EFBC}") = "Orchid.Web", "src\Orchid.Web\Orchid.Web.csproj", "{3741543D-F724-42E5-B2F6-4AAD78E33090}"
EndProject
Global
	GlobalSection(SolutionConfigurationPlatforms) = preSolution
		Debug|Any CPU = Debug|Any CPU
		Release|Any CPU = Release|Any CPU
	EndGlobalSection
	GlobalSection(ProjectConfigurationPlatforms) = postSolution
		{211EDD3A-3307-49D7-9E69-D8FB8C6AC4D7}.Debug|Any CPU.ActiveCfg = Debug|Any CPU
		{211EDD3A-3307-49D7-9E69-D8FB8C6AC4D7}.Debug|Any CPU.Build.0 = Debug|Any CPU
		{211EDD3A-3307-49D7-9E69-D8FB8C6AC4D7}.Release|Any CPU.ActiveCfg = Release|Any CPU
		{211EDD3A-3307-49D7-9E69-D8FB8C6AC4D7}.Release|Any CPU.Build.0 = Release|Any CPU
		{3A612711-1A9E-477E-A418-5C71510C06FF}.Debug|Any CPU.ActiveCfg = Debug|Any CPU
		{3A612711-1A9E-477E-A418-5C71510C06FF}.Debug|Any CPU.Build.0 = Debug|Any CPU
		{3A612711-1A9E-477E-A418-5C71510C06FF}.Release|Any CPU.ActiveCfg = Release|Any CPU
		{3A612711-1A9E-477E-A418-5C71510C06FF}.Release|Any CPU.Build.0 = Release|Any CPU
		{3741543D-F724-42E5-B2F6-4AAD78E33090}.Debug|Any CPU.ActiveCfg = Debug|Any CPU
		{3741543D-F724-42E5-B2F6-4AAD78E33090}.Debug|Any CPU.Build.0 = Debug|Any CPU
		{3741543D-F724-42E5-B2F6-4AAD78E33090}.Release|Any CPU.ActiveCfg = Release|Any CPU
		{3741543D-F724-42E5-B2F6-4AAD78E33090}.Release|Any CPU.Build.0 = Release|Any CPU
	EndGlobalSection
	GlobalSection(SolutionProperties) = preSolution
		HideSolutionNode = FALSE
	EndGlobalSection
	GlobalSection(NestedProjects) = preSolution
		{211EDD3A-3307-49D7-9E69-D8FB8C6AC4D7} = {E023FD2C-5358-4E95-9D94-CCC4F092B005}
		{3A612711-1A9E-477E-A418-5C71510C06FF} = {D38DC836-ED7F-4389-9906-D7536AD57075}
		{3741543D-F724-42E5-B2F6-4AAD78E33090} = {E023FD2C-5358-4E95-9D94-CCC4F092B005}
	EndGlobalSection
	GlobalSection(ExtensibilityGlobals) = postSolution
		SolutionGuid = {056DD071-0398-49C4-B8D6-24424BA6F5B0}
	EndGlobalSection
EndGlobal
